
Microsoft Visual Studio Solution File, Format Version 12.00
# Visual Studio Version 17
VisualStudioVersion = 17.6.33723.286
MinimumVisualStudioVersion = 10.0.40219.1
Project("{FAE04EC0-301F-11D3-BF4B-00C04F79EFBC}") = "continue_break", "continue_break\continue_break.csproj", "{FF424AFA-4CE6-4569-B48A-F2BC2B597240}"
EndProject
Global
	GlobalSection(SolutionConfigurationPlatforms) = preSolution
		Debug|Any CPU = Debug|Any CPU
		Release|Any CPU = Release|Any CPU
	EndGlobalSection
	GlobalSection(ProjectConfigurationPlatforms) = postSolution
		{FF424AFA-4CE6-4569-B48A-F2BC2B597240}.Debug|Any CPU.ActiveCfg = Debug|Any CPU
		{FF424AFA-4CE6-4569-B48A-F2BC2B597240}.Debug|Any CPU.Build.0 = Debug|Any CPU
		{FF424AFA-4CE6-4569-B48A-F2BC2B597240}.Release|Any CPU.ActiveCfg = Release|Any CPU
		{FF424AFA-4CE6-4569-B48A-F2BC2B597240}.Release|Any CPU.Build.0 = Release|Any CPU
	EndGlobalSection
	GlobalSection(SolutionProperties) = preSolution
		HideSolutionNode = FALSE
	EndGlobalSection
	GlobalSection(ExtensibilityGlobals) = postSolution
		SolutionGuid = {CB546D2A-9479-41DB-8093-8A6D0E719BCF}
	EndGlobalSection
EndGlobal
